PODS:
  - Ono (1.2.2)
  - Reveal-iOS-SDK (1.6.2)
  - TesseractOCRiOS (4.0.0)

DEPENDENCIES:
  - Ono
  - Reveal-iOS-SDK
  - TesseractOCRiOS

SPEC CHECKSUMS:
  Ono: 80b1c686777d3f6d5d5ce6fcac8a74afef4ca197
  Reveal-iOS-SDK: e2250b3c155bcfac53ae223ddc1f76d08f206c33
  TesseractOCRiOS: 90638afbe43d082433f2e76b384c7901d23956df

PODFILE CHECKSUM: 784f2c3d6f11c64b7b53e3938667c0574d5bb9e5

COCOAPODS: 1.0.1
